
Microsoft Visual Studio Solution File, Format Version 12.00
# Visual Studio Version 17
VisualStudioVersion = 17.7.34221.43
MinimumVisualStudioVersion = 10.0.40219.1
Project("{FAE04EC0-301F-11D3-BF4B-00C04F79EFBC}") = "TurboAzProject.Model", "ConsoleApp24\TurboAzProject.Model.csproj", "{81327809-71A6-4F60-9F96-C1F22D9C6644}"
EndProject
Project("{FAE04EC0-301F-11D3-BF4B-00C04F79EFBC}") = "TurboAzProject.Data", "TurboAzProject.Data\TurboAzProject.Data.csproj", "{FFC850FF-9CC7-4E70-986F-7B19529BDA91}"
EndProject
Project("{FAE04EC0-301F-11D3-BF4B-00C04F79EFBC}") = "TurboAzProject.UI", "TurboAzProject.UI\TurboAzProject.UI.csproj", "{CC4777CC-01BF-460E-8421-F4B3B240216D}"
EndProject
Global
	GlobalSection(SolutionConfigurationPlatforms) = preSolution
		Debug|Any CPU = Debug|Any CPU
		Release|Any CPU = Release|Any CPU
	EndGlobalSection
	GlobalSection(ProjectConfigurationPlatforms) = postSolution
		{81327809-71A6-4F60-9F96-C1F22D9C6644}.Debug|Any CPU.ActiveCfg = Debug|Any CPU
		{81327809-71A6-4F60-9F96-C1F22D9C6644}.Debug|Any CPU.Build.0 = Debug|Any CPU
		{81327809-71A6-4F60-9F96-C1F22D9C6644}.Release|Any CPU.ActiveCfg = Release|Any CPU
		{81327809-71A6-4F60-9F96-C1F22D9C6644}.Release|Any CPU.Build.0 = Release|Any CPU
		{FFC850FF-9CC7-4E70-986F-7B19529BDA91}.Debug|Any CPU.ActiveCfg = Debug|Any CPU
		{FFC850FF-9CC7-4E70-986F-7B19529BDA91}.Debug|Any CPU.Build.0 = Debug|Any CPU
		{FFC850FF-9CC7-4E70-986F-7B19529BDA91}.Release|Any CPU.ActiveCfg = Release|Any CPU
		{FFC850FF-9CC7-4E70-986F-7B19529BDA91}.Release|Any CPU.Build.0 = Release|Any CPU
		{CC4777CC-01BF-460E-8421-F4B3B240216D}.Debug|Any CPU.ActiveCfg = Debug|Any CPU
		{CC4777CC-01BF-460E-8421-F4B3B240216D}.Debug|Any CPU.Build.0 = Debug|Any CPU
		{CC4777CC-01BF-460E-8421-F4B3B240216D}.Release|Any CPU.ActiveCfg = Release|Any CPU
		{CC4777CC-01BF-460E-8421-F4B3B240216D}.Release|Any CPU.Build.0 = Release|Any CPU
	EndGlobalSection
	GlobalSection(SolutionProperties) = preSolution
		HideSolutionNode = FALSE
	EndGlobalSection
	GlobalSection(ExtensibilityGlobals) = postSolution
		SolutionGuid = {8F0D5BCC-86D6-4CFD-9FF8-E86606B4F063}
	EndGlobalSection
EndGlobal
